
Microsoft Visual Studio Solution File, Format Version 12.00
# Visual Studio Version 16
VisualStudioVersion = 16.0.33027.164
MinimumVisualStudioVersion = 10.0.40219.1
Project("{FAE04EC0-301F-11D3-BF4B-00C04F79EFBC}") = "records-database", "records-database.csproj", "{E106B29C-AE1E-4D50-9B17-21877AFBD3D4}"
EndProject
Global
	GlobalSection(SolutionConfigurationPlatforms) = preSolution
		Debug|Any CPU = Debug|Any CPU
		Release|Any CPU = Release|Any CPU
	EndGlobalSection
	GlobalSection(ProjectConfigurationPlatforms) = postSolution
		{E106B29C-AE1E-4D50-9B17-21877AFBD3D4}.Debug|Any CPU.ActiveCfg = Debug|Any CPU
		{E106B29C-AE1E-4D50-9B17-21877AFBD3D4}.Debug|Any CPU.Build.0 = Debug|Any CPU
		{E106B29C-AE1E-4D50-9B17-21877AFBD3D4}.Release|Any CPU.ActiveCfg = Release|Any CPU
		{E106B29C-AE1E-4D50-9B17-21877AFBD3D4}.Release|Any CPU.Build.0 = Release|Any CPU
	EndGlobalSection
	GlobalSection(SolutionProperties) = preSolution
		HideSolutionNode = FALSE
	EndGlobalSection
	GlobalSection(ExtensibilityGlobals) = postSolution
		SolutionGuid = {D87234F1-7C0C-4E3B-9EFA-61D362B1A075}
	EndGlobalSection
EndGlobal
